# This file was autogenerated by Stack.
# You should not edit this file by hand.
# For more information, please see the documentation at:
#   https://docs.haskellstack.org/en/stable/lock_files

packages: []
snapshots:
- completed:
    size: 516002
    url: https://raw.githubusercontent.com/commercialhaskell/stackage-snapshots/master/lts/8/20.yaml
    sha256: 1642eb5c88dfc1d5b66ac26881501d3a9df56d8acb68ab99b7590c3673f4b8bf
  original: lts-8.20
